<?xml version="1.0" encoding="UTF-8"?>
<Scheme
   LastUpgradeVersion = "1430"
   version = "1.3">
   <BuildAction
      parallelizeBuildables = "YES"
      buildImplicitDependencies = "YES">
      <BuildActionEntries>
         <BuildActionEntry
            buildForTesting = "YES"
            buildForRunning = "YES"
            buildForProfiling = "YES"
            buildForArchiving = "YES"
            buildForAnalyzing = "YES">
            <BuildableReference
               BuildableIdentifier = "primary"
               BlueprintIdentifier = "D48135388848E9FFF6A87142"
               BuildableName = "RecipeScalerNative.app"
               BlueprintName = "RecipeScalerNative"
               ReferencedContainer = "container:RecipeScalerNative.xcodeproj">
            </BuildableReference>
         </BuildActionEntry>
         <BuildActionEntry
            buildForTesting = "YES"
            buildForRunning = "YES"
            buildForProfiling = "YES"
            buildForArchiving = "YES"
            buildForAnalyzing = "YES">
            <BuildableReference
               BuildableIdentifier = "primary"
               BlueprintIdentifier = "866BA601812C4838B9F36F4A"
               BuildableName = "RecipeScalerNativeWatch.app"
               BlueprintName = "RecipeScalerNativeWatch"
               ReferencedContainer = "container:RecipeScalerNative.xcodeproj">
            </BuildableReference>
         </BuildActionEntry>
      </BuildActionEntries>
   </BuildAction>
   <TestAction
      buildConfiguration = "Debug"
      selectedDebuggerIdentifier = "Xcode.DebuggerFoundation.Debugger.LLDB"
      selectedLauncherIdentifier = "Xcode.DebuggerFoundation.Launcher.LLDB"
      shouldUseLaunchSchemeArgsEnv = "YES">
      <MacroExpansion>
         <BuildableReference
            BuildableIdentifier = "primary"
            BlueprintIdentifier = "D48135388848E9FFF6A87142"
            BuildableName = "RecipeScalerNative.app"
            BlueprintName = "RecipeScalerNative"
            ReferencedContainer = "container:RecipeScalerNative.xcodeproj">
         </BuildableReference>
      </MacroExpansion>
      <CommandLineArguments>
         <CommandLineArgument
            argument = "-DisableDebugAutoLogin=1"
            isEnabled = "YES">
         </CommandLineArgument>
      </CommandLineArguments>
      <Testables>
         <TestableReference
            skipped = "NO"
            parallelizable = "NO">
            <BuildableReference
               BuildableIdentifier = "primary"
               BlueprintIdentifier = "6FACC08DA1DF905483D582B0"
               BuildableName = "RecipeScalerNativeTests.xctest"
               BlueprintName = "RecipeScalerNativeTests"
               ReferencedContainer = "container:RecipeScalerNative.xcodeproj">
            </BuildableReference>
         </TestableReference>
         <TestableReference
            skipped = "NO"
            parallelizable = "NO">
            <BuildableReference
               BuildableIdentifier = "primary"
               BlueprintIdentifier = "UITESTTARGET0010000000"
               BuildableName = "RecipeScalerNativeUITests.xctest"
               BlueprintName = "RecipeScalerNativeUITests"
               ReferencedContainer = "container:RecipeScalerNative.xcodeproj">
            </BuildableReference>
         </TestableReference>
      </Testables>
      <PostActions>
         <ExecutionAction
            ActionType = "Xcode.IDEStandardExecutionActionsCore.ExecutionActionType.ShellScriptAction">
            <ActionContent
               title = "Remove XCUITest SpringBoard junk"
               scriptText = "/bin/bash &quot;${SRCROOT}/scripts/cleanup-sim-home-screen.sh&quot;&#10;">
               <EnvironmentBuildable>
                  <BuildableReference
                     BuildableIdentifier = "primary"
                     BlueprintIdentifier = "D48135388848E9FFF6A87142"
                     BuildableName = "RecipeScalerNative.app"
                     BlueprintName = "RecipeScalerNative"
                     ReferencedContainer = "container:RecipeScalerNative.xcodeproj">
                  </BuildableReference>
               </EnvironmentBuildable>
            </ActionContent>
         </ExecutionAction>
      </PostActions>
   </TestAction>
   <LaunchAction
      buildConfiguration = "Debug"
      selectedDebuggerIdentifier = "Xcode.DebuggerFoundation.Debugger.LLDB"
      selectedLauncherIdentifier = "Xcode.DebuggerFoundation.Launcher.LLDB"
      launchStyle = "0"
      useCustomWorkingDirectory = "NO"
      ignoresPersistentStateOnLaunch = "NO"
      debugDocumentVersioning = "YES"
      debugServiceExtension = "internal"
      allowLocationSimulation = "YES">
      <BuildableProductRunnable
         runnableDebuggingMode = "0">
         <BuildableReference
            BuildableIdentifier = "primary"
            BlueprintIdentifier = "D48135388848E9FFF6A87142"
            BuildableName = "RecipeScalerNative.app"
            BlueprintName = "RecipeScalerNative"
            ReferencedContainer = "container:RecipeScalerNative.xcodeproj">
         </BuildableReference>
      </BuildableProductRunnable>
      <StoreKitConfigurationFileReference
         identifier = "../../RecipeScalerTips.storekit">
      </StoreKitConfigurationFileReference>
   </LaunchAction>
   <ProfileAction
      buildConfiguration = "Release"
      shouldUseLaunchSchemeArgsEnv = "YES"
      savedToolIdentifier = ""
      useCustomWorkingDirectory = "NO"
      debugDocumentVersioning = "YES">
      <BuildableProductRunnable
         runnableDebuggingMode = "0">
         <BuildableReference
            BuildableIdentifier = "primary"
            BlueprintIdentifier = "D48135388848E9FFF6A87142"
            BuildableName = "RecipeScalerNative.app"
            BlueprintName = "RecipeScalerNative"
            ReferencedContainer = "container:RecipeScalerNative.xcodeproj">
         </BuildableReference>
      </BuildableProductRunnable>
   </ProfileAction>
   <AnalyzeAction
      buildConfiguration = "Debug">
   </AnalyzeAction>
   <ArchiveAction
      buildConfiguration = "Release"
      revealArchiveInOrganizer = "YES">
      <PreActions>
         <ExecutionAction
            ActionType = "Xcode.IDEStandardExecutionActionsCore.ExecutionActionType.ShellScriptAction">
            <ActionContent
               title = "Bump build number"
               scriptText = "/bin/bash &quot;${SRCROOT}/scripts/bump-build-number.sh&quot;&#10;">
               <EnvironmentBuildable>
                  <BuildableReference
                     BuildableIdentifier = "primary"
                     BlueprintIdentifier = "D48135388848E9FFF6A87142"
                     BuildableName = "RecipeScalerNative.app"
                     BlueprintName = "RecipeScalerNative"
                     ReferencedContainer = "container:RecipeScalerNative.xcodeproj">
                  </BuildableReference>
               </EnvironmentBuildable>
            </ActionContent>
         </ExecutionAction>
      </PreActions>
   </ArchiveAction>
</Scheme>
